// !$*UTF8*$!
{
	archiveVersion = 1;
	classes = {
	};
	objectVersion = 56;
	objects = {

/* Begin PBXBuildFile section */
		293FDD5E29AFADA80035DB3B /* AppDelegate.swift in Sources */ = {isa = PBXBuildFile; fileRef = 293FDD5D29AFADA80035DB3B /* AppDelegate.swift */; };
		293FDD6029AFADA80035DB3B /* SceneDelegate.swift in Sources */ = {isa = PBXBuildFile; fileRef = 293FDD5F29AFADA80035DB3B /* SceneDelegate.swift */; };
		293FDD6529AFADA80035DB3B /* Main.storyboard in Resources */ = {isa = PBXBuildFile; fileRef = 293FDD6329AFADA80035DB3B /* Main.storyboard */; };
		293FDD6729AFADAA0035DB3B /* Assets.xcassets in Resources */ = {isa = PBXBuildFile; fileRef = 293FDD6629AFADAA0035DB3B /* Assets.xcassets */; };
		293FDD6A29AFADAA0035DB3B /* LaunchScreen.storyboard in Resources */ = {isa = PBXBuildFile; fileRef = 293FDD6829AFADAA0035DB3B /* LaunchScreen.storyboard */; };
		293FDD7529AFAE170035DB3B /* Category.swift in Sources */ = {isa = PBXBuildFile; fileRef = 293FDD7429AFAE170035DB3B /* Category.swift */; };
		293FDD7729AFB0630035DB3B /* Meal.swift in Sources */ = {isa = PBXBuildFile; fileRef = 293FDD7629AFB0630035DB3B /* Meal.swift */; };
		293FDD7A29AFB1AC0035DB3B /* MealService.swift in Sources */ = {isa = PBXBuildFile; fileRef = 293FDD7929AFB1AC0035DB3B /* MealService.swift */; };
		293FDD7D29AFB2E90035DB3B /* NetworkError.swift in Sources */ = {isa = PBXBuildFile; fileRef = 293FDD7C29AFB2E90035DB3B /* NetworkError.swift */; };
		293FDD7F29AFB4830035DB3B /* Constants.swift in Sources */ = {isa = PBXBuildFile; fileRef = 293FDD7E29AFB4830035DB3B /* Constants.swift */; };
		293FDD8229AFC1AA0035DB3B /* CategoryListTableViewController.swift in Sources */ = {isa = PBXBuildFile; fileRef = 293FDD8129AFC1AA0035DB3B /* CategoryListTableViewController.swift */; };
		293FDD8429AFC1B40035DB3B /* MealListTableViewController.swift in Sources */ = {isa = PBXBuildFile; fileRef = 293FDD8329AFC1B40035DB3B /* MealListTableViewController.swift */; };
		293FDD8629AFD08A0035DB3B /* Recipe.swift in Sources */ = {isa = PBXBuildFile; fileRef = 293FDD8529AFD08A0035DB3B /* Recipe.swift */; };
		29D67AEB29B11BB2005D9AD5 /* RecipeVC.swift in Sources */ = {isa = PBXBuildFile; fileRef = 29D67AEA29B11BB2005D9AD5 /* RecipeVC.swift */; };
		29D67AED29B11BC3005D9AD5 /* InstructionsVC.swift in Sources */ = {isa = PBXBuildFile; fileRef = 29D67AEC29B11BC3005D9AD5 /* InstructionsVC.swift */; };
/* End PBXBuildFile section */

/* Begin PBXFileReference section */
		293FDD5A29AFADA80035DB3B /* MealMaker.app */ = {isa = PBXFileReference; explicitFileType = wrapper.application; includeInIndex = 0; path = MealMaker.app; sourceTree = BUILT_PRODUCTS_DIR; };
		293FDD5D29AFADA80035DB3B /* AppDelegate.swift */ = {isa = PBXFileReference; lastKnownFileType = sourcecode.swift; path = AppDelegate.swift; sourceTree = "<group>"; };
		293FDD5F29AFADA80035DB3B /* SceneDelegate.swift */ = {isa = PBXFileReference; lastKnownFileType = sourcecode.swift; path = SceneDelegate.swift; sourceTree = "<group>"; };
		293FDD6429AFADA80035DB3B /* Base */ = {isa = PBXFileReference; lastKnownFileType = file.storyboard; name = Base; path = Base.lproj/Main.storyboard; sourceTree = "<group>"; };
		293FDD6629AFADAA0035DB3B /* Assets.xcassets */ = {isa = PBXFileReference; lastKnownFileType = folder.assetcatalog; path = Assets.xcassets; sourceTree = "<group>"; };
		293FDD6929AFADAA0035DB3B /* Base */ = {isa = PBXFileReference; lastKnownFileType = file.storyboard; name = Base; path = Base.lproj/LaunchScreen.storyboard; sourceTree = "<group>"; };
		293FDD6B29AFADAA0035DB3B /* Info.plist */ = {isa = PBXFileReference; lastKnownFileType = text.plist.xml; path = Info.plist; sourceTree = "<group>"; };
		293FDD7429AFAE170035DB3B /* Category.swift */ = {isa = PBXFileReference; lastKnownFileType = sourcecode.swift; path = Category.swift; sourceTree = "<group>"; };
		293FDD7629AFB0630035DB3B /* Meal.swift */ = {isa = PBXFileReference; lastKnownFileType = sourcecode.swift; path = Meal.swift; sourceTree = "<group>"; };
		293FDD7929AFB1AC0035DB3B /* MealService.swift */ = {isa = PBXFileReference; lastKnownFileType = sourcecode.swift; path = MealService.swift; sourceTree = "<group>"; };
		293FDD7C29AFB2E90035DB3B /* NetworkError.swift */ = {isa = PBXFileReference; lastKnownFileType = sourcecode.swift; path = NetworkError.swift; sourceTree = "<group>"; };
		293FDD7E29AFB4830035DB3B /* Constants.swift */ = {isa = PBXFileReference; lastKnownFileType = sourcecode.swift; path = Constants.swift; sourceTree = "<group>"; };
		293FDD8129AFC1AA0035DB3B /* CategoryListTableViewController.swift */ = {isa = PBXFileReference; lastKnownFileType = sourcecode.swift; path = CategoryListTableViewController.swift; sourceTree = "<group>"; };
		293FDD8329AFC1B40035DB3B /* MealListTableViewController.swift */ = {isa = PBXFileReference; lastKnownFileType = sourcecode.swift; path = MealListTableViewController.swift; sourceTree = "<group>"; };
		293FDD8529AFD08A0035DB3B /* Recipe.swift */ = {isa = PBXFileReference; lastKnownFileType = sourcecode.swift; path = Recipe.swift; sourceTree = "<group>"; };
		29D67AEA29B11BB2005D9AD5 /* RecipeVC.swift */ = {isa = PBXFileReference; lastKnownFileType = sourcecode.swift; path = RecipeVC.swift; sourceTree = "<group>"; };
		29D67AEC29B11BC3005D9AD5 /* InstructionsVC.swift */ = {isa = PBXFileReference; lastKnownFileType = sourcecode.swift; path = InstructionsVC.swift; sourceTree = "<group>"; };
/* End PBXFileReference section */

/* Begin PBXFrameworksBuildPhase section */
		293FDD5729AFADA80035DB3B /* Frameworks */ = {
			isa = PBXFrameworksBuildPhase;
			buildActionMask = 2147483647;
			files = (
			);
			runOnlyForDeploymentPostprocessing = 0;
		};
/* End PBXFrameworksBuildPhase section */

/* Begin PBXGroup section */
		293FDD5129AFADA80035DB3B = {
			isa = PBXGroup;
			children = (
				293FDD5C29AFADA80035DB3B /* MealMaker */,
				293FDD5B29AFADA80035DB3B /* Products */,
			);
			sourceTree = "<group>";
		};
		293FDD5B29AFADA80035DB3B /* Products */ = {
			isa = PBXGroup;
			children = (
				293FDD5A29AFADA80035DB3B /* MealMaker.app */,
			);
			name = Products;
			sourceTree = "<group>";
		};
		293FDD5C29AFADA80035DB3B /* MealMaker */ = {
			isa = PBXGroup;
			children = (
				293FDD7329AFAE0C0035DB3B /* Model */,
				293FDD7829AFB19B0035DB3B /* Networking */,
				293FDD8029AFC1880035DB3B /* View Controllers */,
				293FDD7B29AFB2D40035DB3B /* Helper + Extensions */,
				293FDD7129AFADE20035DB3B /* Supporting Files */,
				293FDD7229AFADF60035DB3B /* Storyboards */,
			);
			path = MealMaker;
			sourceTree = "<group>";
		};
		293FDD7129AFADE20035DB3B /* Supporting Files */ = {
			isa = PBXGroup;
			children = (
				293FDD5D29AFADA80035DB3B /* AppDelegate.swift */,
				293FDD5F29AFADA80035DB3B /* SceneDelegate.swift */,
				293FDD6629AFADAA0035DB3B /* Assets.xcassets */,
				293FDD6B29AFADAA0035DB3B /* Info.plist */,
			);
			path = "Supporting Files";
			sourceTree = "<group>";
		};
		293FDD7229AFADF60035DB3B /* Storyboards */ = {
			isa = PBXGroup;
			children = (
				293FDD6329AFADA80035DB3B /* Main.storyboard */,
				293FDD6829AFADAA0035DB3B /* LaunchScreen.storyboard */,
			);
			path = Storyboards;
			sourceTree = "<group>";
		};
		293FDD7329AFAE0C0035DB3B /* Model */ = {
			isa = PBXGroup;
			children = (
				293FDD7429AFAE170035DB3B /* Category.swift */,
				293FDD7629AFB0630035DB3B /* Meal.swift */,
				293FDD8529AFD08A0035DB3B /* Recipe.swift */,
			);
			path = Model;
			sourceTree = "<group>";
		};
		293FDD7829AFB19B0035DB3B /* Networking */ = {
			isa = PBXGroup;
			children = (
				293FDD7929AFB1AC0035DB3B /* MealService.swift */,
			);
			path = Networking;
			sourceTree = "<group>";
		};
		293FDD7B29AFB2D40035DB3B /* Helper + Extensions */ = {
			isa = PBXGroup;
			children = (
				293FDD7C29AFB2E90035DB3B /* NetworkError.swift */,
				293FDD7E29AFB4830035DB3B /* Constants.swift */,
			);
			path = "Helper + Extensions";
			sourceTree = "<group>";
		};
		293FDD8029AFC1880035DB3B /* View Controllers */ = {
			isa = PBXGroup;
			children = (
				293FDD8129AFC1AA0035DB3B /* CategoryListTableViewController.swift */,
				293FDD8329AFC1B40035DB3B /* MealListTableViewController.swift */,
				29D67AEA29B11BB2005D9AD5 /* RecipeVC.swift */,
				29D67AEC29B11BC3005D9AD5 /* InstructionsVC.swift */,
			);
			path = "View Controllers";
			sourceTree = "<group>";
		};
/* End PBXGroup section */

/* Begin PBXNativeTarget section */
		293FDD5929AFADA80035DB3B /* MealMaker */ = {
			isa = PBXNativeTarget;
			buildConfigurationList = 293FDD6E29AFADAA0035DB3B /* Build configuration list for PBXNativeTarget "MealMaker" */;
			buildPhases = (
				293FDD5629AFADA80035DB3B /* Sources */,
				293FDD5729AFADA80035DB3B /* Frameworks */,
				293FDD5829AFADA80035DB3B /* Resources */,
			);
			buildRules = (
			);
			dependencies = (
			);
			name = MealMaker;
			productName = MealMaker;
			productReference = 293FDD5A29AFADA80035DB3B /* MealMaker.app */;
			productType = "com.apple.product-type.application";
		};
/* End PBXNativeTarget section */

/* Begin PBXProject section */
		293FDD5229AFADA80035DB3B /* Project object */ = {
			isa = PBXProject;
			attributes = {
				BuildIndependentTargetsInParallel = 1;
				LastSwiftUpdateCheck = 1420;
				LastUpgradeCheck = 1420;
				TargetAttributes = {
					293FDD5929AFADA80035DB3B = {
						CreatedOnToolsVersion = 14.2;
					};
				};
			};
			buildConfigurationList = 293FDD5529AFADA80035DB3B /* Build configuration list for PBXProject "MealMaker" */;
			compatibilityVersion = "Xcode 14.0";
			developmentRegion = en;
			hasScannedForEncodings = 0;
			knownRegions = (
				en,
				Base,
			);
			mainGroup = 293FDD5129AFADA80035DB3B;
			productRefGroup = 293FDD5B29AFADA80035DB3B /* Products */;
			projectDirPath = "";
			projectRoot = "";
			targets = (
				293FDD5929AFADA80035DB3B /* MealMaker */,
			);
		};
/* End PBXProject section */

/* Begin PBXResourcesBuildPhase section */
		293FDD5829AFADA80035DB3B /* Resources */ = {
			isa = PBXResourcesBuildPhase;
			buildActionMask = 2147483647;
			files = (
				293FDD6A29AFADAA0035DB3B /* LaunchScreen.storyboard in Resources */,
				293FDD6729AFADAA0035DB3B /* Assets.xcassets in Resources */,
				293FDD6529AFADA80035DB3B /* Main.storyboard in Resources */,
			);
			runOnlyForDeploymentPostprocessing = 0;
		};
/* End PBXResourcesBuildPhase section */

/* Begin PBXSourcesBuildPhase section */
		293FDD5629AFADA80035DB3B /* Sources */ = {
			isa = PBXSourcesBuildPhase;
			buildActionMask = 2147483647;
			files = (
				293FDD7729AFB0630035DB3B /* Meal.swift in Sources */,
				293FDD8229AFC1AA0035DB3B /* CategoryListTableViewController.swift in Sources */,
				293FDD5E29AFADA80035DB3B /* AppDelegate.swift in Sources */,
				29D67AEB29B11BB2005D9AD5 /* RecipeVC.swift in Sources */,
				293FDD8429AFC1B40035DB3B /* MealListTableViewController.swift in Sources */,
				29D67AED29B11BC3005D9AD5 /* InstructionsVC.swift in Sources */,
				293FDD7529AFAE170035DB3B /* Category.swift in Sources */,
				293FDD7D29AFB2E90035DB3B /* NetworkError.swift in Sources */,
				293FDD7F29AFB4830035DB3B /* Constants.swift in Sources */,
				293FDD7A29AFB1AC0035DB3B /* MealService.swift in Sources */,
				293FDD6029AFADA80035DB3B /* SceneDelegate.swift in Sources */,
				293FDD8629AFD08A0035DB3B /* Recipe.swift in Sources */,
			);
			runOnlyForDeploymentPostprocessing = 0;
		};
/* End PBXSourcesBuildPhase section */

/* Begin PBXVariantGroup section */
		293FDD6329AFADA80035DB3B /* Main.storyboard */ = {
			isa = PBXVariantGroup;
			children = (
				293FDD6429AFADA80035DB3B /* Base */,
			);
			name = Main.storyboard;
			sourceTree = "<group>";
		};
		293FDD6829AFADAA0035DB3B /* LaunchScreen.storyboard */ = {
			isa = PBXVariantGroup;
			children = (
				293FDD6929AFADAA0035DB3B /* Base */,
			);
			name = LaunchScreen.storyboard;
			sourceTree = "<group>";
		};
/* End PBXVariantGroup section */

/* Begin XCBuildConfiguration section */
		293FDD6C29AFADAA0035DB3B /* Debug */ = {
			isa = XCBuildConfiguration;
			buildSettings = {
				ALWAYS_SEARCH_USER_PATHS = NO;
				CLANG_ANALYZER_NONNULL = YES;
				CLANG_ANALYZER_NUMBER_OBJECT_CONVERSION = YES_AGGRESSIVE;
				CLANG_CXX_LANGUAGE_STANDARD = "gnu++20";
				CLANG_ENABLE_MODULES = YES;
				CLANG_ENABLE_OBJC_ARC = YES;
				CLANG_ENABLE_OBJC_WEAK = YES;
				CLANG_WARN_BLOCK_CAPTURE_AUTORELEASING = YES;
				CLANG_WARN_BOOL_CONVERSION = YES;
				CLANG_WARN_COMMA = YES;
				CLANG_WARN_CONSTANT_CONVERSION = YES;
				CLANG_WARN_DEPRECATED_OBJC_IMPLEMENTATIONS = YES;
				CLANG_WARN_DIRECT_OBJC_ISA_USAGE = YES_ERROR;
				CLANG_WARN_DOCUMENTATION_COMMENTS = YES;
				CLANG_WARN_EMPTY_BODY = YES;
				CLANG_WARN_ENUM_CONVERSION = YES;
				CLANG_WARN_INFINITE_RECURSION = YES;
				CLANG_WARN_INT_CONVERSION = YES;
				CLANG_WARN_NON_LITERAL_NULL_CONVERSION = YES;
				CLANG_WARN_OBJC_IMPLICIT_RETAIN_SELF = YES;
				CLANG_WARN_OBJC_LITERAL_CONVERSION = YES;
				CLANG_WARN_OBJC_ROOT_CLASS = YES_ERROR;
				CLANG_WARN_QUOTED_INCLUDE_IN_FRAMEWORK_HEADER = YES;
				CLANG_WARN_RANGE_LOOP_ANALYSIS = YES;
				CLANG_WARN_STRICT_PROTOTYPES = YES;
				CLANG_WARN_SUSPICIOUS_MOVE = YES;
				CLANG_WARN_UNGUARDED_AVAILABILITY = YES_AGGRESSIVE;
				CLANG_WARN_UNREACHABLE_CODE = YES;
				CLANG_WARN__DUPLICATE_METHOD_MATCH = YES;
				COPY_PHASE_STRIP = NO;
				DEBUG_INFORMATION_FORMAT = dwarf;
				ENABLE_STRICT_OBJC_MSGSEND = YES;
				ENABLE_TESTABILITY = YES;
				GCC_C_LANGUAGE_STANDARD = gnu11;
				GCC_DYNAMIC_NO_PIC = NO;
				GCC_NO_COMMON_BLOCKS = YES;
				GCC_OPTIMIZATION_LEVEL = 0;
				GCC_PREPROCESSOR_DEFINITIONS = (
					"DEBUG=1",
					"$(inherited)",
				);
				GCC_WARN_64_TO_32_BIT_CONVERSION = YES;
				GCC_WARN_ABOUT_RETURN_TYPE = YES_ERROR;
				GCC_WARN_UNDECLARED_SELECTOR = YES;
				GCC_WARN_UNINITIALIZED_AUTOS = YES_AGGRESSIVE;
				GCC_WARN_UNUSED_FUNCTION = YES;
				GCC_WARN_UNUSED_VARIABLE = YES;
				IPHONEOS_DEPLOYMENT_TARGET = 16.2;
				MTL_ENABLE_DEBUG_INFO = INCLUDE_SOURCE;
				MTL_FAST_MATH = YES;
				ONLY_ACTIVE_ARCH = YES;
				SDKROOT = iphoneos;
				SWIFT_ACTIVE_COMPILATION_CONDITIONS = DEBUG;
				SWIFT_OPTIMIZATION_LEVEL = "-Onone";
			};
			name = Debug;
		};
		293FDD6D29AFADAA0035DB3B /* Release */ = {
			isa = XCBuildConfiguration;
			buildSettings = {
				ALWAYS_SEARCH_USER_PATHS = NO;
				CLANG_ANALYZER_NONNULL = YES;
				CLANG_ANALYZER_NUMBER_OBJECT_CONVERSION = YES_AGGRESSIVE;
				CLANG_CXX_LANGUAGE_STANDARD = "gnu++20";
				CLANG_ENABLE_MODULES = YES;
				CLANG_ENABLE_OBJC_ARC = YES;
				CLANG_ENABLE_OBJC_WEAK = YES;
				CLANG_WARN_BLOCK_CAPTURE_AUTORELEASING = YES;
				CLANG_WARN_BOOL_CONVERSION = YES;
				CLANG_WARN_COMMA = YES;
				CLANG_WARN_CONSTANT_CONVERSION = YES;
				CLANG_WARN_DEPRECATED_OBJC_IMPLEMENTATIONS = YES;
				CLANG_WARN_DIRECT_OBJC_ISA_USAGE = YES_ERROR;
				CLANG_WARN_DOCUMENTATION_COMMENTS = YES;
				CLANG_WARN_EMPTY_BODY = YES;
				CLANG_WARN_ENUM_CONVERSION = YES;
				CLANG_WARN_INFINITE_RECURSION = YES;
				CLANG_WARN_INT_CONVERSION = YES;
				CLANG_WARN_NON_LITERAL_NULL_CONVERSION = YES;
				CLANG_WARN_OBJC_IMPLICIT_RETAIN_SELF = YES;
				CLANG_WARN_OBJC_LITERAL_CONVERSION = YES;
				CLANG_WARN_OBJC_ROOT_CLASS = YES_ERROR;
				CLANG_WARN_QUOTED_INCLUDE_IN_FRAMEWORK_HEADER = YES;
				CLANG_WARN_RANGE_LOOP_ANALYSIS = YES;
				CLANG_WARN_STRICT_PROTOTYPES = YES;
				CLANG_WARN_SUSPICIOUS_MOVE = YES;
				CLANG_WARN_UNGUARDED_AVAILABILITY = YES_AGGRESSIVE;
				CLANG_WARN_UNREACHABLE_CODE = YES;
				CLANG_WARN__DUPLICATE_METHOD_MATCH = YES;
				COPY_PHASE_STRIP = NO;
				DEBUG_INFORMATION_FORMAT = "dwarf-with-dsym";
				ENABLE_NS_ASSERTIONS = NO;
				ENABLE_STRICT_OBJC_MSGSEND = YES;
				GCC_C_LANGUAGE_STANDARD = gnu11;
				GCC_NO_COMMON_BLOCKS = YES;
				GCC_WARN_64_TO_32_BIT_CONVERSION = YES;
				GCC_WARN_ABOUT_RETURN_TYPE = YES_ERROR;
				GCC_WARN_UNDECLARED_SELECTOR = YES;
				GCC_WARN_UNINITIALIZED_AUTOS = YES_AGGRESSIVE;
				GCC_WARN_UNUSED_FUNCTION = YES;
				GCC_WARN_UNUSED_VARIABLE = YES;
				IPHONEOS_DEPLOYMENT_TARGET = 16.2;
				MTL_ENABLE_DEBUG_INFO = NO;
				MTL_FAST_MATH = YES;
				SDKROOT = iphoneos;
				SWIFT_COMPILATION_MODE = wholemodule;
				SWIFT_OPTIMIZATION_LEVEL = "-O";
				VALIDATE_PRODUCT = YES;
			};
			name = Release;
		};
		293FDD6F29AFADAA0035DB3B /* Debug */ = {
			isa = XCBuildConfiguration;
			buildSettings = {
				ASSETCATALOG_COMPILER_APPICON_NAME = AppIcon;
				ASSETCATALOG_COMPILER_GLOBAL_ACCENT_COLOR_NAME = AccentColor;
				CODE_SIGN_STYLE = Automatic;
				CURRENT_PROJECT_VERSION = 1;
				DEVELOPMENT_TEAM = W6HRJ6R6XG;
				GENERATE_INFOPLIST_FILE = YES;
				INFOPLIST_FILE = "MealMaker/Supporting Files/Info.plist";
				INFOPLIST_KEY_UIApplicationSupportsIndirectInputEvents = YES;
				INFOPLIST_KEY_UILaunchStoryboardName = LaunchScreen;
				INFOPLIST_KEY_UIMainStoryboardFile = Main;
				INFOPLIST_KEY_UISupportedInterfaceOrientations_iPad = "UIInterfaceOrientationPortrait UIInterfaceOrientationPortraitUpsideDown UIInterfaceOrientationLandscapeLeft UIInterfaceOrientationLandscapeRight";
				INFOPLIST_KEY_UISupportedInterfaceOrientations_iPhone = "UIInterfaceOrientationPortrait UIInterfaceOrientationLandscapeLeft UIInterfaceOrientationLandscapeRight";
				LD_RUNPATH_SEARCH_PATHS = (
					"$(inherited)",
					"@executable_path/Frameworks",
				);
				MARKETING_VERSION = 1.0;
				PRODUCT_BUNDLE_IDENTIFIER = com.Studio314.MealMaker;
				PRODUCT_NAME = "$(TARGET_NAME)";
				SWIFT_EMIT_LOC_STRINGS = YES;
				SWIFT_VERSION = 5.0;
				TARGETED_DEVICE_FAMILY = "1,2";
			};
			name = Debug;
		};
		293FDD7029AFADAA0035DB3B /* Release */ = {
			isa = XCBuildConfiguration;
			buildSettings = {
				ASSETCATALOG_COMPILER_APPICON_NAME = AppIcon;
				ASSETCATALOG_COMPILER_GLOBAL_ACCENT_COLOR_NAME = AccentColor;
				CODE_SIGN_STYLE = Automatic;
				CURRENT_PROJECT_VERSION = 1;
				DEVELOPMENT_TEAM = W6HRJ6R6XG;
				GENERATE_INFOPLIST_FILE = YES;
				INFOPLIST_FILE = "MealMaker/Supporting Files/Info.plist";
				INFOPLIST_KEY_UIApplicationSupportsIndirectInputEvents = YES;
				INFOPLIST_KEY_UILaunchStoryboardName = LaunchScreen;
				INFOPLIST_KEY_UIMainStoryboardFile = Main;
				INFOPLIST_KEY_UISupportedInterfaceOrientations_iPad = "UIInterfaceOrientationPortrait UIInterfaceOrientationPortraitUpsideDown UIInterfaceOrientationLandscapeLeft UIInterfaceOrientationLandscapeRight";
				INFOPLIST_KEY_UISupportedInterfaceOrientations_iPhone = "UIInterfaceOrientationPortrait UIInterfaceOrientationLandscapeLeft UIInterfaceOrientationLandscapeRight";
				LD_RUNPATH_SEARCH_PATHS = (
					"$(inherited)",
					"@executable_path/Frameworks",
				);
				MARKETING_VERSION = 1.0;
				PRODUCT_BUNDLE_IDENTIFIER = com.Studio314.MealMaker;
				PRODUCT_NAME = "$(TARGET_NAME)";
				SWIFT_EMIT_LOC_STRINGS = YES;
				SWIFT_VERSION = 5.0;
				TARGETED_DEVICE_FAMILY = "1,2";
			};
			name = Release;
		};
/* End XCBuildConfiguration section */

/* Begin XCConfigurationList section */
		293FDD5529AFADA80035DB3B /* Build configuration list for PBXProject "MealMaker" */ = {
			isa = XCConfigurationList;
			buildConfigurations = (
				293FDD6C29AFADAA0035DB3B /* Debug */,
				293FDD6D29AFADAA0035DB3B /* Release */,
			);
			defaultConfigurationIsVisible = 0;
			defaultConfigurationName = Release;
		};
		293FDD6E29AFADAA0035DB3B /* Build configuration list for PBXNativeTarget "MealMaker" */ = {
			isa = XCConfigurationList;
			buildConfigurations = (
				293FDD6F29AFADAA0035DB3B /* Debug */,
				293FDD7029AFADAA0035DB3B /* Release */,
			);
			defaultConfigurationIsVisible = 0;
			defaultConfigurationName = Release;
		};
/* End XCConfigurationList section */
	};
	rootObject = 293FDD5229AFADA80035DB3B /* Project object */;
}
